
Microsoft Visual Studio Solution File, Format Version 11.00
# Visual Studio 2010
Project("{FAE04EC0-301F-11D3-BF4B-00C04F79EFBC}") = "Gwen.SFML", "Gwen.SFML.csproj", "{7C90197E-16D2-4574-943F-AB588DBE10BA}"
EndProject
Global
	GlobalSection(SolutionConfigurationPlatforms) = preSolution
		Debug|Any CPU = Debug|Any CPU
		Release|Any CPU = Release|Any CPU
	EndGlobalSection
	GlobalSection(ProjectConfigurationPlatforms) = postSolution
		{7C90197E-16D2-4574-943F-AB588DBE10BA}.Debug|Any CPU.ActiveCfg = Debug|Any CPU
		{7C90197E-16D2-4574-943F-AB588DBE10BA}.Debug|Any CPU.Build.0 = Debug|Any CPU
		{7C90197E-16D2-4574-943F-AB588DBE10BA}.Release|Any CPU.ActiveCfg = Release|Any CPU
		{7C90197E-16D2-4574-943F-AB588DBE10BA}.Release|Any CPU.Build.0 = Release|Any CPU
	EndGlobalSection
	GlobalSection(MonoDevelopProperties) = preSolution
		StartupItem = Gwen.SFML.csproj
	EndGlobalSection
EndGlobal
